
Microsoft Visual Studio Solution File, Format Version 12.00
# Visual Studio Version 16
VisualStudioVersion = 16.0.30717.126
MinimumVisualStudioVersion = 10.0.40219.1
Project("{FAE04EC0-301F-11D3-BF4B-00C04F79EFBC}") = "ECB_CBC", "ECB_CBC\ECB_CBC.csproj", "{42E2F81E-66CC-4EBA-8C92-1E94047DA53A}"
EndProject
Global
	GlobalSection(SolutionConfigurationPlatforms) = preSolution
		Debug|Any CPU = Debug|Any CPU
		Release|Any CPU = Release|Any CPU
	EndGlobalSection
	GlobalSection(ProjectConfigurationPlatforms) = postSolution
		{42E2F81E-66CC-4EBA-8C92-1E94047DA53A}.Debug|Any CPU.ActiveCfg = Debug|Any CPU
		{42E2F81E-66CC-4EBA-8C92-1E94047DA53A}.Debug|Any CPU.Build.0 = Debug|Any CPU
		{42E2F81E-66CC-4EBA-8C92-1E94047DA53A}.Release|Any CPU.ActiveCfg = Release|Any CPU
		{42E2F81E-66CC-4EBA-8C92-1E94047DA53A}.Release|Any CPU.Build.0 = Release|Any CPU
	EndGlobalSection
	GlobalSection(SolutionProperties) = preSolution
		HideSolutionNode = FALSE
	EndGlobalSection
	GlobalSection(ExtensibilityGlobals) = postSolution
		SolutionGuid = {E5D2C5DF-D3C2-4D1F-8EA4-503DD7000CC4}
	EndGlobalSection
EndGlobal
